
Microsoft Visual Studio Solution File, Format Version 12.00
# Visual Studio Version 17
VisualStudioVersion = 17.6.33513.286
MinimumVisualStudioVersion = 10.0.40219.1
Project("{9A19103F-16F7-4668-BE54-9A1E7A4F7556}") = "OnionArchitecture.PresentationLayer", "OnioArchitecture.PresentationLayer\OnionArchitecture.PresentationLayer.csproj", "{63AF369C-9F9C-4CAF-881C-43F30AC22CF2}"
EndProject
Project("{9A19103F-16F7-4668-BE54-9A1E7A4F7556}") = "OnionArchitecture.DomainLayer", "OnionArchitecture.DomainLayer\OnionArchitecture.DomainLayer.csproj", "{9C392507-1FF5-4ADA-918C-1C94EB4CC8A3}"
EndProject
Project("{9A19103F-16F7-4668-BE54-9A1E7A4F7556}") = "OnionArchitecture.RepositoryLayer", "OnionArchitecture.RepositoryLayer\OnionArchitecture.RepositoryLayer.csproj", "{F1646EF1-198A-49EE-BE4C-94E403067C0B}"
EndProject
Project("{9A19103F-16F7-4668-BE54-9A1E7A4F7556}") = "OnionArchitecture.ServicesLayer", "OnionArchitecture.ServicesLayer\OnionArchitecture.ServicesLayer.csproj", "{EF42CD9E-764C-4025-936C-4538E8A40F31}"
EndProject
Global
	GlobalSection(SolutionConfigurationPlatforms) = preSolution
		Debug|Any CPU = Debug|Any CPU
		Release|Any CPU = Release|Any CPU
	EndGlobalSection
	GlobalSection(ProjectConfigurationPlatforms) = postSolution
		{63AF369C-9F9C-4CAF-881C-43F30AC22CF2}.Debug|Any CPU.ActiveCfg = Debug|Any CPU
		{63AF369C-9F9C-4CAF-881C-43F30AC22CF2}.Debug|Any CPU.Build.0 = Debug|Any CPU
		{63AF369C-9F9C-4CAF-881C-43F30AC22CF2}.Release|Any CPU.ActiveCfg = Release|Any CPU
		{63AF369C-9F9C-4CAF-881C-43F30AC22CF2}.Release|Any CPU.Build.0 = Release|Any CPU
		{9C392507-1FF5-4ADA-918C-1C94EB4CC8A3}.Debug|Any CPU.ActiveCfg = Debug|Any CPU
		{9C392507-1FF5-4ADA-918C-1C94EB4CC8A3}.Debug|Any CPU.Build.0 = Debug|Any CPU
		{9C392507-1FF5-4ADA-918C-1C94EB4CC8A3}.Release|Any CPU.ActiveCfg = Release|Any CPU
		{9C392507-1FF5-4ADA-918C-1C94EB4CC8A3}.Release|Any CPU.Build.0 = Release|Any CPU
		{F1646EF1-198A-49EE-BE4C-94E403067C0B}.Debug|Any CPU.ActiveCfg = Debug|Any CPU
		{F1646EF1-198A-49EE-BE4C-94E403067C0B}.Debug|Any CPU.Build.0 = Debug|Any CPU
		{F1646EF1-198A-49EE-BE4C-94E403067C0B}.Release|Any CPU.ActiveCfg = Release|Any CPU
		{F1646EF1-198A-49EE-BE4C-94E403067C0B}.Release|Any CPU.Build.0 = Release|Any CPU
		{EF42CD9E-764C-4025-936C-4538E8A40F31}.Debug|Any CPU.ActiveCfg = Debug|Any CPU
		{EF42CD9E-764C-4025-936C-4538E8A40F31}.Debug|Any CPU.Build.0 = Debug|Any CPU
		{EF42CD9E-764C-4025-936C-4538E8A40F31}.Release|Any CPU.ActiveCfg = Release|Any CPU
		{EF42CD9E-764C-4025-936C-4538E8A40F31}.Release|Any CPU.Build.0 = Release|Any CPU
	EndGlobalSection
	GlobalSection(SolutionProperties) = preSolution
		HideSolutionNode = FALSE
	EndGlobalSection
	GlobalSection(ExtensibilityGlobals) = postSolution
		SolutionGuid = {71432959-EA6F-4B2F-A420-FCA4397A6136}
	EndGlobalSection
EndGlobal
